
Microsoft Visual Studio Solution File, Format Version 12.00
# Visual Studio 15
VisualStudioVersion = 15.0.27130.2027
MinimumVisualStudioVersion = 10.0.40219.1
Project("{FAE04EC0-301F-11D3-BF4B-00C04F79EFBC}") = "WebServer", "WebServer\WebServer.csproj", "{A1C95489-55C7-46E3-96BD-E2A00413A8F7}"
EndProject
Project("{FAE04EC0-301F-11D3-BF4B-00C04F79EFBC}") = "App.Core", "App.Core\App.Core.csproj", "{D0371F0E-5B63-4359-9DDF-6B5364AA2C32}"
EndProject
Project("{FAE04EC0-301F-11D3-BF4B-00C04F79EFBC}") = "App.Bussiness", "App.Bussiness\App.Bussiness.csproj", "{69242EAE-8423-41E9-A1B6-21259CEBA129}"
EndProject
Global
	GlobalSection(SolutionConfigurationPlatforms) = preSolution
		Debug|Any CPU = Debug|Any CPU
		Release|Any CPU = Release|Any CPU
	EndGlobalSection
	GlobalSection(ProjectConfigurationPlatforms) = postSolution
		{A1C95489-55C7-46E3-96BD-E2A00413A8F7}.Debug|Any CPU.ActiveCfg = Debug|Any CPU
		{A1C95489-55C7-46E3-96BD-E2A00413A8F7}.Debug|Any CPU.Build.0 = Debug|Any CPU
		{A1C95489-55C7-46E3-96BD-E2A00413A8F7}.Release|Any CPU.ActiveCfg = Release|Any CPU
		{A1C95489-55C7-46E3-96BD-E2A00413A8F7}.Release|Any CPU.Build.0 = Release|Any CPU
		{D0371F0E-5B63-4359-9DDF-6B5364AA2C32}.Debug|Any CPU.ActiveCfg = Debug|Any CPU
		{D0371F0E-5B63-4359-9DDF-6B5364AA2C32}.Debug|Any CPU.Build.0 = Debug|Any CPU
		{D0371F0E-5B63-4359-9DDF-6B5364AA2C32}.Release|Any CPU.ActiveCfg = Release|Any CPU
		{D0371F0E-5B63-4359-9DDF-6B5364AA2C32}.Release|Any CPU.Build.0 = Release|Any CPU
		{69242EAE-8423-41E9-A1B6-21259CEBA129}.Debug|Any CPU.ActiveCfg = Debug|Any CPU
		{69242EAE-8423-41E9-A1B6-21259CEBA129}.Debug|Any CPU.Build.0 = Debug|Any CPU
		{69242EAE-8423-41E9-A1B6-21259CEBA129}.Release|Any CPU.ActiveCfg = Release|Any CPU
		{69242EAE-8423-41E9-A1B6-21259CEBA129}.Release|Any CPU.Build.0 = Release|Any CPU
	EndGlobalSection
	GlobalSection(SolutionProperties) = preSolution
		HideSolutionNode = FALSE
	EndGlobalSection
	GlobalSection(ExtensibilityGlobals) = postSolution
		SolutionGuid = {DF474B96-0A13-446D-9DAF-FDD739D258CE}
	EndGlobalSection
EndGlobal
